// !$*UTF8*$!
{
	archiveVersion = 1;
	classes = {
	};
	objectVersion = 46;
	objects = {

/* Begin PBXBuildFile section */
		C283179D1CE354BF00156839 /* main.m in Sources */ = {isa = PBXBuildFile; fileRef = C283179C1CE354BF00156839 /* main.m */; };
		C28317A01CE354BF00156839 /* AppDelegate.m in Sources */ = {isa = PBXBuildFile; fileRef = C283179F1CE354BF00156839 /* AppDelegate.m */; };
		C28317A31CE354BF00156839 /* ViewController.m in Sources */ = {isa = PBXBuildFile; fileRef = C28317A21CE354BF00156839 /* ViewController.m */; };
		C28317A61CE354BF00156839 /* Main.storyboard in Resources */ = {isa = PBXBuildFile; fileRef = C28317A41CE354BF00156839 /* Main.storyboard */; };
		C28317A81CE354BF00156839 /* Assets.xcassets in Resources */ = {isa = PBXBuildFile; fileRef = C28317A71CE354BF00156839 /* Assets.xcassets */; };
		C28317AB1CE354BF00156839 /* LaunchScreen.storyboard in Resources */ = {isa = PBXBuildFile; fileRef = C28317A91CE354BF00156839 /* LaunchScreen.storyboard */; };
/* End PBXBuildFile section */

/* Begin PBXFileReference section */
		C28317981CE354BF00156839 /* git测试文件.app */ = {isa = PBXFileReference; explicitFileType = wrapper.application; includeInIndex = 0; path = "git测试文件.app"; sourceTree = BUILT_PRODUCTS_DIR; };
		C283179C1CE354BF00156839 /* main.m */ = {isa = PBXFileReference; lastKnownFileType = sourcecode.c.objc; path = main.m; sourceTree = "<group>"; };
		C283179E1CE354BF00156839 /* AppDelegate.h */ = {isa = PBXFileReference; lastKnownFileType = sourcecode.c.h; path = AppDelegate.h; sourceTree = "<group>"; };
		C283179F1CE354BF00156839 /* AppDelegate.m */ = {isa = PBXFileReference; lastKnownFileType = sourcecode.c.objc; path = AppDelegate.m; sourceTree = "<group>"; };
		C28317A11CE354BF00156839 /* ViewController.h */ = {isa = PBXFileReference; lastKnownFileType = sourcecode.c.h; path = ViewController.h; sourceTree = "<group>"; };
		C28317A21CE354BF00156839 /* ViewController.m */ = {isa = PBXFileReference; lastKnownFileType = sourcecode.c.objc; path = ViewController.m; sourceTree = "<group>"; };
		C28317A51CE354BF00156839 /* Base */ = {isa = PBXFileReference; lastKnownFileType = file.storyboard; name = Base; path = Base.lproj/Main.storyboard; sourceTree = "<group>"; };
		C28317A71CE354BF00156839 /* Assets.xcassets */ = {isa = PBXFileReference; lastKnownFileType = folder.assetcatalog; path = Assets.xcassets; sourceTree = "<group>"; };
		C28317AA1CE354BF00156839 /* Base */ = {isa = PBXFileReference; lastKnownFileType = file.storyboard; name = Base; path = Base.lproj/LaunchScreen.storyboard; sourceTree = "<group>"; };
		C28317AC1CE354BF00156839 /* Info.plist */ = {isa = PBXFileReference; lastKnownFileType = text.plist.xml; path = Info.plist; sourceTree = "<group>"; };
/* End PBXFileReference section */

/* Begin PBXFrameworksBuildPhase section */
		C28317951CE354BF00156839 /* Frameworks */ = {
			isa = PBXFrameworksBuildPhase;
			buildActionMask = 2147483647;
			files = (
			);
			runOnlyForDeploymentPostprocessing = 0;
		};
/* End PBXFrameworksBuildPhase section */

/* Begin PBXGroup section */
		C283178F1CE354BF00156839 = {
			isa = PBXGroup;
			children = (
				C283179A1CE354BF00156839 /* git测试文件 */,
				C28317991CE354BF00156839 /* Products */,
			);
			sourceTree = "<group>";
		};
		C28317991CE354BF00156839 /* Products */ = {
			isa = PBXGroup;
			children = (
				C28317981CE354BF00156839 /* git测试文件.app */,
			);
			name = Products;
			sourceTree = "<group>";
		};
		C283179A1CE354BF00156839 /* git测试文件 */ = {
			isa = PBXGroup;
			children = (
				C283179E1CE354BF00156839 /* AppDelegate.h */,
				C283179F1CE354BF00156839 /* AppDelegate.m */,
				C28317A11CE354BF00156839 /* ViewController.h */,
				C28317A21CE354BF00156839 /* ViewController.m */,
				C28317A41CE354BF00156839 /* Main.storyboard */,
				C28317A71CE354BF00156839 /* Assets.xcassets */,
				C28317A91CE354BF00156839 /* LaunchScreen.storyboard */,
				C28317AC1CE354BF00156839 /* Info.plist */,
				C283179B1CE354BF00156839 /* Supporting Files */,
			);
			path = "git测试文件";
			sourceTree = "<group>";
		};
		C283179B1CE354BF00156839 /* Supporting Files */ = {
			isa = PBXGroup;
			children = (
				C283179C1CE354BF00156839 /* main.m */,
			);
			name = "Supporting Files";
			sourceTree = "<group>";
		};
/* End PBXGroup section */

/* Begin PBXNativeTarget section */
		C28317971CE354BF00156839 /* git测试文件 */ = {
			isa = PBXNativeTarget;
			buildConfigurationList = C28317AF1CE354BF00156839 /* Build configuration list for PBXNativeTarget "git测试文件" */;
			buildPhases = (
				C28317941CE354BF00156839 /* Sources */,
				C28317951CE354BF00156839 /* Frameworks */,
				C28317961CE354BF00156839 /* Resources */,
			);
			buildRules = (
			);
			dependencies = (
			);
			name = "git测试文件";
			productName = "git测试文件";
			productReference = C28317981CE354BF00156839 /* git测试文件.app */;
			productType = "com.apple.product-type.application";
		};
/* End PBXNativeTarget section */

/* Begin PBXProject section */
		C28317901CE354BF00156839 /* Project object */ = {
			isa = PBXProject;
			attributes = {
				LastUpgradeCheck = 0700;
				ORGANIZATIONNAME = cc;
				TargetAttributes = {
					C28317971CE354BF00156839 = {
						CreatedOnToolsVersion = 7.0;
					};
				};
			};
			buildConfigurationList = C28317931CE354BF00156839 /* Build configuration list for PBXProject "git测试文件" */;
			compatibilityVersion = "Xcode 3.2";
			developmentRegion = English;
			hasScannedForEncodings = 0;
			knownRegions = (
				en,
				Base,
			);
			mainGroup = C283178F1CE354BF00156839;
			productRefGroup = C28317991CE354BF00156839 /* Products */;
			projectDirPath = "";
			projectRoot = "";
			targets = (
				C28317971CE354BF00156839 /* git测试文件 */,
			);
		};
/* End PBXProject section */

/* Begin PBXResourcesBuildPhase section */
		C28317961CE354BF00156839 /* Resources */ = {
			isa = PBXResourcesBuildPhase;
			buildActionMask = 2147483647;
			files = (
				C28317AB1CE354BF00156839 /* LaunchScreen.storyboard in Resources */,
				C28317A81CE354BF00156839 /* Assets.xcassets in Resources */,
				C28317A61CE354BF00156839 /* Main.storyboard in Resources */,
			);
			runOnlyForDeploymentPostprocessing = 0;
		};
/* End PBXResourcesBuildPhase section */

/* Begin PBXSourcesBuildPhase section */
		C28317941CE354BF00156839 /* Sources */ = {
			isa = PBXSourcesBuildPhase;
			buildActionMask = 2147483647;
			files = (
				C28317A31CE354BF00156839 /* ViewController.m in Sources */,
				C28317A01CE354BF00156839 /* AppDelegate.m in Sources */,
				C283179D1CE354BF00156839 /* main.m in Sources */,
			);
			runOnlyForDeploymentPostprocessing = 0;
		};
/* End PBXSourcesBuildPhase section */

/* Begin PBXVariantGroup section */
		C28317A41CE354BF00156839 /* Main.storyboard */ = {
			isa = PBXVariantGroup;
			children = (
				C28317A51CE354BF00156839 /* Base */,
			);
			name = Main.storyboard;
			sourceTree = "<group>";
		};
		C28317A91CE354BF00156839 /* LaunchScreen.storyboard */ = {
			isa = PBXVariantGroup;
			children = (
				C28317AA1CE354BF00156839 /* Base */,
			);
			name = LaunchScreen.storyboard;
			sourceTree = "<group>";
		};
/* End PBXVariantGroup section */

/* Begin XCBuildConfiguration section */
		C28317AD1CE354BF00156839 /* Debug */ = {
			isa = XCBuildConfiguration;
			buildSettings = {
				ALWAYS_SEARCH_USER_PATHS = NO;
				CLANG_CXX_LANGUAGE_STANDARD = "gnu++0x";
				CLANG_CXX_LIBRARY = "libc++";
				CLANG_ENABLE_MODULES = YES;
				CLANG_ENABLE_OBJC_ARC = YES;
				CLANG_WARN_BOOL_CONVERSION = YES;
				CLANG_WARN_CONSTANT_CONVERSION = YES;
				CLANG_WARN_DIRECT_OBJC_ISA_USAGE = YES_ERROR;
				CLANG_WARN_EMPTY_BODY = YES;
				CLANG_WARN_ENUM_CONVERSION = YES;
				CLANG_WARN_INT_CONVERSION = YES;
				CLANG_WARN_OBJC_ROOT_CLASS = YES_ERROR;
				CLANG_WARN_UNREACHABLE_CODE = YES;
				CLANG_WARN__DUPLICATE_METHOD_MATCH = YES;
				"CODE_SIGN_IDENTITY[sdk=iphoneos*]" = "iPhone Developer";
				COPY_PHASE_STRIP = NO;
				DEBUG_INFORMATION_FORMAT = dwarf;
				ENABLE_STRICT_OBJC_MSGSEND = YES;
				ENABLE_TESTABILITY = YES;
				GCC_C_LANGUAGE_STANDARD = gnu99;
				GCC_DYNAMIC_NO_PIC = NO;
				GCC_NO_COMMON_BLOCKS = YES;
				GCC_OPTIMIZATION_LEVEL = 0;
				GCC_PREPROCESSOR_DEFINITIONS = (
					"DEBUG=1",
					"$(inherited)",
				);
				GCC_WARN_64_TO_32_BIT_CONVERSION = YES;
				GCC_WARN_ABOUT_RETURN_TYPE = YES_ERROR;
				GCC_WARN_UNDECLARED_SELECTOR = YES;
				GCC_WARN_UNINITIALIZED_AUTOS = YES_AGGRESSIVE;
				GCC_WARN_UNUSED_FUNCTION = YES;
				GCC_WARN_UNUSED_VARIABLE = YES;
				IPHONEOS_DEPLOYMENT_TARGET = 9.0;
				MTL_ENABLE_DEBUG_INFO = YES;
				ONLY_ACTIVE_ARCH = YES;
				SDKROOT = iphoneos;
			};
			name = Debug;
		};
		C28317AE1CE354BF00156839 /* Release */ = {
			isa = XCBuildConfiguration;
			buildSettings = {
				ALWAYS_SEARCH_USER_PATHS = NO;
				CLANG_CXX_LANGUAGE_STANDARD = "gnu++0x";
				CLANG_CXX_LIBRARY = "libc++";
				CLANG_ENABLE_MODULES = YES;
				CLANG_ENABLE_OBJC_ARC = YES;
				CLANG_WARN_BOOL_CONVERSION = YES;
				CLANG_WARN_CONSTANT_CONVERSION = YES;
				CLANG_WARN_DIRECT_OBJC_ISA_USAGE = YES_ERROR;
				CLANG_WARN_EMPTY_BODY = YES;
				CLANG_WARN_ENUM_CONVERSION = YES;
				CLANG_WARN_INT_CONVERSION = YES;
				CLANG_WARN_OBJC_ROOT_CLASS = YES_ERROR;
				CLANG_WARN_UNREACHABLE_CODE = YES;
				CLANG_WARN__DUPLICATE_METHOD_MATCH = YES;
				"CODE_SIGN_IDENTITY[sdk=iphoneos*]" = "iPhone Developer";
				COPY_PHASE_STRIP = NO;
				DEBUG_INFORMATION_FORMAT = "dwarf-with-dsym";
				ENABLE_NS_ASSERTIONS = NO;
				ENABLE_STRICT_OBJC_MSGSEND = YES;
				GCC_C_LANGUAGE_STANDARD = gnu99;
				GCC_NO_COMMON_BLOCKS = YES;
				GCC_WARN_64_TO_32_BIT_CONVERSION = YES;
				GCC_WARN_ABOUT_RETURN_TYPE = YES_ERROR;
				GCC_WARN_UNDECLARED_SELECTOR = YES;
				GCC_WARN_UNINITIALIZED_AUTOS = YES_AGGRESSIVE;
				GCC_WARN_UNUSED_FUNCTION = YES;
				GCC_WARN_UNUSED_VARIABLE = YES;
				IPHONEOS_DEPLOYMENT_TARGET = 9.0;
				MTL_ENABLE_DEBUG_INFO = NO;
				SDKROOT = iphoneos;
				VALIDATE_PRODUCT = YES;
			};
			name = Release;
		};
		C28317B01CE354BF00156839 /* Debug */ = {
			isa = XCBuildConfiguration;
			buildSettings = {
				ASSETCATALOG_COMPILER_APPICON_NAME = AppIcon;
				INFOPLIST_FILE = "git测试文件/Info.plist";
				LD_RUNPATH_SEARCH_PATHS = "$(inherited) @executable_path/Frameworks";
				PRODUCT_BUNDLE_IDENTIFIER = "com.cc.git----";
				PRODUCT_NAME = "$(TARGET_NAME)";
			};
			name = Debug;
		};
		C28317B11CE354BF00156839 /* Release */ = {
			isa = XCBuildConfiguration;
			buildSettings = {
				ASSETCATALOG_COMPILER_APPICON_NAME = AppIcon;
				INFOPLIST_FILE = "git测试文件/Info.plist";
				LD_RUNPATH_SEARCH_PATHS = "$(inherited) @executable_path/Frameworks";
				PRODUCT_BUNDLE_IDENTIFIER = "com.cc.git----";
				PRODUCT_NAME = "$(TARGET_NAME)";
			};
			name = Release;
		};
/* End XCBuildConfiguration section */

/* Begin XCConfigurationList section */
		C28317931CE354BF00156839 /* Build configuration list for PBXProject "git测试文件" */ = {
			isa = XCConfigurationList;
			buildConfigurations = (
				C28317AD1CE354BF00156839 /* Debug */,
				C28317AE1CE354BF00156839 /* Release */,
			);
			defaultConfigurationIsVisible = 0;
			defaultConfigurationName = Release;
		};
		C28317AF1CE354BF00156839 /* Build configuration list for PBXNativeTarget "git测试文件" */ = {
			isa = XCConfigurationList;
			buildConfigurations = (
				C28317B01CE354BF00156839 /* Debug */,
				C28317B11CE354BF00156839 /* Release */,
			);
			defaultConfigurationIsVisible = 0;
		};
/* End XCConfigurationList section */
	};
	rootObject = C28317901CE354BF00156839 /* Project object */;
}
